
Microsoft Visual Studio Solution File, Format Version 12.00
# Visual Studio 2013
VisualStudioVersion = 12.0.31101.0
MinimumVisualStudioVersion = 10.0.40219.1
Project("{8BC9CEB8-8B4A-11D0-8D11-00A0C91BC942}") = "sample1", "sample1.vcxproj", "{2F199507-0549-4A21-8D0D-8990800A3CC1}"
EndProject
Project("{8BC9CEB8-8B4A-11D0-8D11-00A0C91BC942}") = "sample2", "..\sample2\sample2.vcxproj", "{BE1F90A6-D397-46B1-BE64-639F42148B27}"
EndProject
Global
	GlobalSection(SolutionConfigurationPlatforms) = preSolution
		Debug|Win32 = Debug|Win32
		Release|Win32 = Release|Win32
	EndGlobalSection
	GlobalSection(ProjectConfigurationPlatforms) = postSolution
		{2F199507-0549-4A21-8D0D-8990800A3CC1}.Debug|Win32.ActiveCfg = Debug|Win32
		{2F199507-0549-4A21-8D0D-8990800A3CC1}.Debug|Win32.Build.0 = Debug|Win32
		{2F199507-0549-4A21-8D0D-8990800A3CC1}.Release|Win32.ActiveCfg = Release|Win32
		{2F199507-0549-4A21-8D0D-8990800A3CC1}.Release|Win32.Build.0 = Release|Win32
		{BE1F90A6-D397-46B1-BE64-639F42148B27}.Debug|Win32.ActiveCfg = Debug|Win32
		{BE1F90A6-D397-46B1-BE64-639F42148B27}.Debug|Win32.Build.0 = Debug|Win32
		{BE1F90A6-D397-46B1-BE64-639F42148B27}.Release|Win32.ActiveCfg = Release|Win32
		{BE1F90A6-D397-46B1-BE64-639F42148B27}.Release|Win32.Build.0 = Release|Win32
	EndGlobalSection
	GlobalSection(SolutionProperties) = preSolution
		HideSolutionNode = FALSE
	EndGlobalSection
EndGlobal
